
Microsoft Visual Studio Solution File, Format Version 12.00
# Visual Studio Version 16
VisualStudioVersion = 16.0.32510.428
MinimumVisualStudioVersion = 10.0.40219.1
Project("{9A19103F-16F7-4668-BE54-9A1E7A4F7556}") = "CoreDemo", "CoreDemo\CoreDemo.csproj", "{33D0D8D7-C650-4B93-AEA9-749F81EEBE07}"
EndProject
Project("{FAE04EC0-301F-11D3-BF4B-00C04F79EFBC}") = "EntityLayer", "EntityLayer\EntityLayer.csproj", "{390AAC9D-48C4-4C86-A505-D26D6BF5A677}"
EndProject
Project("{FAE04EC0-301F-11D3-BF4B-00C04F79EFBC}") = "DataAccessLayer", "DataAccessLayer\DataAccessLayer.csproj", "{C249B535-3F90-4EEF-A5B7-7B491FD0ADCC}"
EndProject
Project("{FAE04EC0-301F-11D3-BF4B-00C04F79EFBC}") = "BusinessLayer", "BusinessLayer\BusinessLayer.csproj", "{B8CE8D9C-D720-4605-B3AE-7295C87E5565}"
EndProject
Project("{FAE04EC0-301F-11D3-BF4B-00C04F79EFBC}") = "CoreLayer", "CoreLayer\CoreLayer.csproj", "{D68E8E48-650C-46F8-9EF7-98EE1BBA6A43}"
EndProject
Global
	GlobalSection(SolutionConfigurationPlatforms) = preSolution
		Debug|Any CPU = Debug|Any CPU
		Release|Any CPU = Release|Any CPU
	EndGlobalSection
	GlobalSection(ProjectConfigurationPlatforms) = postSolution
		{33D0D8D7-C650-4B93-AEA9-749F81EEBE07}.Debug|Any CPU.ActiveCfg = Debug|Any CPU
		{33D0D8D7-C650-4B93-AEA9-749F81EEBE07}.Debug|Any CPU.Build.0 = Debug|Any CPU
		{33D0D8D7-C650-4B93-AEA9-749F81EEBE07}.Release|Any CPU.ActiveCfg = Release|Any CPU
		{33D0D8D7-C650-4B93-AEA9-749F81EEBE07}.Release|Any CPU.Build.0 = Release|Any CPU
		{390AAC9D-48C4-4C86-A505-D26D6BF5A677}.Debug|Any CPU.ActiveCfg = Debug|Any CPU
		{390AAC9D-48C4-4C86-A505-D26D6BF5A677}.Debug|Any CPU.Build.0 = Debug|Any CPU
		{390AAC9D-48C4-4C86-A505-D26D6BF5A677}.Release|Any CPU.ActiveCfg = Release|Any CPU
		{390AAC9D-48C4-4C86-A505-D26D6BF5A677}.Release|Any CPU.Build.0 = Release|Any CPU
		{C249B535-3F90-4EEF-A5B7-7B491FD0ADCC}.Debug|Any CPU.ActiveCfg = Debug|Any CPU
		{C249B535-3F90-4EEF-A5B7-7B491FD0ADCC}.Debug|Any CPU.Build.0 = Debug|Any CPU
		{C249B535-3F90-4EEF-A5B7-7B491FD0ADCC}.Release|Any CPU.ActiveCfg = Release|Any CPU
		{C249B535-3F90-4EEF-A5B7-7B491FD0ADCC}.Release|Any CPU.Build.0 = Release|Any CPU
		{B8CE8D9C-D720-4605-B3AE-7295C87E5565}.Debug|Any CPU.ActiveCfg = Debug|Any CPU
		{B8CE8D9C-D720-4605-B3AE-7295C87E5565}.Debug|Any CPU.Build.0 = Debug|Any CPU
		{B8CE8D9C-D720-4605-B3AE-7295C87E5565}.Release|Any CPU.ActiveCfg = Release|Any CPU
		{B8CE8D9C-D720-4605-B3AE-7295C87E5565}.Release|Any CPU.Build.0 = Release|Any CPU
		{D68E8E48-650C-46F8-9EF7-98EE1BBA6A43}.Debug|Any CPU.ActiveCfg = Debug|Any CPU
		{D68E8E48-650C-46F8-9EF7-98EE1BBA6A43}.Debug|Any CPU.Build.0 = Debug|Any CPU
		{D68E8E48-650C-46F8-9EF7-98EE1BBA6A43}.Release|Any CPU.ActiveCfg = Release|Any CPU
		{D68E8E48-650C-46F8-9EF7-98EE1BBA6A43}.Release|Any CPU.Build.0 = Release|Any CPU
	EndGlobalSection
	GlobalSection(SolutionProperties) = preSolution
		HideSolutionNode = FALSE
	EndGlobalSection
	GlobalSection(ExtensibilityGlobals) = postSolution
		SolutionGuid = {E2FC81E7-EAA2-4E44-ABA6-2FFF3828947A}
	EndGlobalSection
EndGlobal
